
Microsoft Visual Studio Solution File, Format Version 11.00
# Visual Studio 2010
Project("{FAE04EC0-301F-11D3-BF4B-00C04F79EFBC}") = "Assembly-CSharp", "Assembly-CSharp.csproj", "{cef4790a-dc88-abdb-9f8c-5c27506a069f}"
EndProject
Project("{FAE04EC0-301F-11D3-BF4B-00C04F79EFBC}") = "Assembly-CSharp-Editor", "Assembly-CSharp-Editor.csproj", "{e082f998-a492-7652-d05f-3de0a7d41bd2}"
EndProject
Global
	GlobalSection(SolutionConfigurationPlatforms) = preSolution
		Debug|Any CPU = Debug|Any CPU
	EndGlobalSection
	GlobalSection(ProjectConfigurationPlatforms) = postSolution
		{cef4790a-dc88-abdb-9f8c-5c27506a069f}.Debug|Any CPU.ActiveCfg = Debug|Any CPU
		{cef4790a-dc88-abdb-9f8c-5c27506a069f}.Debug|Any CPU.Build.0 = Debug|Any CPU
		{e082f998-a492-7652-d05f-3de0a7d41bd2}.Debug|Any CPU.ActiveCfg = Debug|Any CPU
		{e082f998-a492-7652-d05f-3de0a7d41bd2}.Debug|Any CPU.Build.0 = Debug|Any CPU
	EndGlobalSection
	GlobalSection(SolutionProperties) = preSolution
		HideSolutionNode = FALSE
	EndGlobalSection
EndGlobal
