
Microsoft Visual Studio Solution File, Format Version 11.00
# Visual Studio 2010
Project("{FAE04EC0-301F-11D3-BF4B-00C04F79EFBC}") = "Assembly-CSharp", "Assembly-CSharp.csproj", "{0A79F4CE-88DC-DBAB-9F8C-5C27506A069F}"
EndProject
Project("{FAE04EC0-301F-11D3-BF4B-00C04F79EFBC}") = "Assembly-CSharp-Editor", "Assembly-CSharp-Editor.csproj", "{98F982E0-92A4-5276-D05F-3DE0A7D41BD2}"
EndProject
Global
	GlobalSection(SolutionConfigurationPlatforms) = preSolution
		Debug|Any CPU = Debug|Any CPU
		Release|Any CPU = Release|Any CPU
	EndGlobalSection
	GlobalSection(ProjectConfigurationPlatforms) = postSolution
		{0A79F4CE-88DC-DBAB-9F8C-5C27506A069F}.Debug|Any CPU.ActiveCfg = Debug|Any CPU
		{0A79F4CE-88DC-DBAB-9F8C-5C27506A069F}.Debug|Any CPU.Build.0 = Debug|Any CPU
		{0A79F4CE-88DC-DBAB-9F8C-5C27506A069F}.Release|Any CPU.ActiveCfg = Release|Any CPU
		{0A79F4CE-88DC-DBAB-9F8C-5C27506A069F}.Release|Any CPU.Build.0 = Release|Any CPU
		{98F982E0-92A4-5276-D05F-3DE0A7D41BD2}.Debug|Any CPU.ActiveCfg = Debug|Any CPU
		{98F982E0-92A4-5276-D05F-3DE0A7D41BD2}.Debug|Any CPU.Build.0 = Debug|Any CPU
		{98F982E0-92A4-5276-D05F-3DE0A7D41BD2}.Release|Any CPU.ActiveCfg = Release|Any CPU
		{98F982E0-92A4-5276-D05F-3DE0A7D41BD2}.Release|Any CPU.Build.0 = Release|Any CPU
	EndGlobalSection
	GlobalSection(SolutionProperties) = preSolution
		HideSolutionNode = FALSE
	EndGlobalSection
EndGlobal
